// !$*UTF8*$!
{
	archiveVersion = 1;
	classes = {
	};
	objectVersion = 56;
	objects = {

/* Begin PBXBuildFile section */
		E49BD4722C01BBAA00260F1F /* ListagemApp.swift in Sources */ = {isa = PBXBuildFile; fileRef = E49BD4712C01BBAA00260F1F /* ListagemApp.swift */; };
		E49BD4742C01BBAA00260F1F /* ContentView.swift in Sources */ = {isa = PBXBuildFile; fileRef = E49BD4732C01BBAA00260F1F /* ContentView.swift */; };
		E49BD4762C01BBAC00260F1F /* Assets.xcassets in Resources */ = {isa = PBXBuildFile; fileRef = E49BD4752C01BBAC00260F1F /* Assets.xcassets */; };
		E49BD4792C01BBAC00260F1F /* Preview Assets.xcassets in Resources */ = {isa = PBXBuildFile; fileRef = E49BD4782C01BBAC00260F1F /* Preview Assets.xcassets */; };
		E49BD4832C01BBAC00260F1F /* ListagemTests.swift in Sources */ = {isa = PBXBuildFile; fileRef = E49BD4822C01BBAC00260F1F /* ListagemTests.swift */; };
		E49BD48D2C01BBAC00260F1F /* ListagemUITests.swift in Sources */ = {isa = PBXBuildFile; fileRef = E49BD48C2C01BBAC00260F1F /* ListagemUITests.swift */; };
		E49BD48F2C01BBAC00260F1F /* ListagemUITestsLaunchTests.swift in Sources */ = {isa = PBXBuildFile; fileRef = E49BD48E2C01BBAC00260F1F /* ListagemUITestsLaunchTests.swift */; };
/* End PBXBuildFile section */

/* Begin PBXContainerItemProxy section */
		E49BD47F2C01BBAC00260F1F /* PBXContainerItemProxy */ = {
			isa = PBXContainerItemProxy;
			containerPortal = E49BD4662C01BBAA00260F1F /* Project object */;
			proxyType = 1;
			remoteGlobalIDString = E49BD46D2C01BBAA00260F1F;
			remoteInfo = Listagem;
		};
		E49BD4892C01BBAC00260F1F /* PBXContainerItemProxy */ = {
			isa = PBXContainerItemProxy;
			containerPortal = E49BD4662C01BBAA00260F1F /* Project object */;
			proxyType = 1;
			remoteGlobalIDString = E49BD46D2C01BBAA00260F1F;
			remoteInfo = Listagem;
		};
/* End PBXContainerItemProxy section */

/* Begin PBXFileReference section */
		E49BD46E2C01BBAA00260F1F /* Listagem.app */ = {isa = PBXFileReference; explicitFileType = wrapper.application; includeInIndex = 0; path = Listagem.app; sourceTree = BUILT_PRODUCTS_DIR; };
		E49BD4712C01BBAA00260F1F /* ListagemApp.swift */ = {isa = PBXFileReference; lastKnownFileType = sourcecode.swift; path = ListagemApp.swift; sourceTree = "<group>"; };
		E49BD4732C01BBAA00260F1F /* ContentView.swift */ = {isa = PBXFileReference; lastKnownFileType = sourcecode.swift; path = ContentView.swift; sourceTree = "<group>"; };
		E49BD4752C01BBAC00260F1F /* Assets.xcassets */ = {isa = PBXFileReference; lastKnownFileType = folder.assetcatalog; path = Assets.xcassets; sourceTree = "<group>"; };
		E49BD4782C01BBAC00260F1F /* Preview Assets.xcassets */ = {isa = PBXFileReference; lastKnownFileType = folder.assetcatalog; path = "Preview Assets.xcassets"; sourceTree = "<group>"; };
		E49BD47E2C01BBAC00260F1F /* ListagemTests.xctest */ = {isa = PBXFileReference; explicitFileType = wrapper.cfbundle; includeInIndex = 0; path = ListagemTests.xctest; sourceTree = BUILT_PRODUCTS_DIR; };
		E49BD4822C01BBAC00260F1F /* ListagemTests.swift */ = {isa = PBXFileReference; lastKnownFileType = sourcecode.swift; path = ListagemTests.swift; sourceTree = "<group>"; };
		E49BD4882C01BBAC00260F1F /* ListagemUITests.xctest */ = {isa = PBXFileReference; explicitFileType = wrapper.cfbundle; includeInIndex = 0; path = ListagemUITests.xctest; sourceTree = BUILT_PRODUCTS_DIR; };
		E49BD48C2C01BBAC00260F1F /* ListagemUITests.swift */ = {isa = PBXFileReference; lastKnownFileType = sourcecode.swift; path = ListagemUITests.swift; sourceTree = "<group>"; };
		E49BD48E2C01BBAC00260F1F /* ListagemUITestsLaunchTests.swift */ = {isa = PBXFileReference; lastKnownFileType = sourcecode.swift; path = ListagemUITestsLaunchTests.swift; sourceTree = "<group>"; };
/* End PBXFileReference section */

/* Begin PBXFrameworksBuildPhase section */
		E49BD46B2C01BBAA00260F1F /* Frameworks */ = {
			isa = PBXFrameworksBuildPhase;
			buildActionMask = 2147483647;
			files = (
			);
			runOnlyForDeploymentPostprocessing = 0;
		};
		E49BD47B2C01BBAC00260F1F /* Frameworks */ = {
			isa = PBXFrameworksBuildPhase;
			buildActionMask = 2147483647;
			files = (
			);
			runOnlyForDeploymentPostprocessing = 0;
		};
		E49BD4852C01BBAC00260F1F /* Frameworks */ = {
			isa = PBXFrameworksBuildPhase;
			buildActionMask = 2147483647;
			files = (
			);
			runOnlyForDeploymentPostprocessing = 0;
		};
/* End PBXFrameworksBuildPhase section */

/* Begin PBXGroup section */
		E49BD4652C01BBAA00260F1F = {
			isa = PBXGroup;
			children = (
				E49BD4702C01BBAA00260F1F /* Listagem */,
				E49BD4812C01BBAC00260F1F /* ListagemTests */,
				E49BD48B2C01BBAC00260F1F /* ListagemUITests */,
				E49BD46F2C01BBAA00260F1F /* Products */,
			);
			sourceTree = "<group>";
		};
		E49BD46F2C01BBAA00260F1F /* Products */ = {
			isa = PBXGroup;
			children = (
				E49BD46E2C01BBAA00260F1F /* Listagem.app */,
				E49BD47E2C01BBAC00260F1F /* ListagemTests.xctest */,
				E49BD4882C01BBAC00260F1F /* ListagemUITests.xctest */,
			);
			name = Products;
			sourceTree = "<group>";
		};
		E49BD4702C01BBAA00260F1F /* Listagem */ = {
			isa = PBXGroup;
			children = (
				E49BD4712C01BBAA00260F1F /* ListagemApp.swift */,
				E49BD4732C01BBAA00260F1F /* ContentView.swift */,
				E49BD4752C01BBAC00260F1F /* Assets.xcassets */,
				E49BD4772C01BBAC00260F1F /* Preview Content */,
			);
			path = Listagem;
			sourceTree = "<group>";
		};
		E49BD4772C01BBAC00260F1F /* Preview Content */ = {
			isa = PBXGroup;
			children = (
				E49BD4782C01BBAC00260F1F /* Preview Assets.xcassets */,
			);
			path = "Preview Content";
			sourceTree = "<group>";
		};
		E49BD4812C01BBAC00260F1F /* ListagemTests */ = {
			isa = PBXGroup;
			children = (
				E49BD4822C01BBAC00260F1F /* ListagemTests.swift */,
			);
			path = ListagemTests;
			sourceTree = "<group>";
		};
		E49BD48B2C01BBAC00260F1F /* ListagemUITests */ = {
			isa = PBXGroup;
			children = (
				E49BD48C2C01BBAC00260F1F /* ListagemUITests.swift */,
				E49BD48E2C01BBAC00260F1F /* ListagemUITestsLaunchTests.swift */,
			);
			path = ListagemUITests;
			sourceTree = "<group>";
		};
/* End PBXGroup section */

/* Begin PBXNativeTarget section */
		E49BD46D2C01BBAA00260F1F /* Listagem */ = {
			isa = PBXNativeTarget;
			buildConfigurationList = E49BD4922C01BBAC00260F1F /* Build configuration list for PBXNativeTarget "Listagem" */;
			buildPhases = (
				E49BD46A2C01BBAA00260F1F /* Sources */,
				E49BD46B2C01BBAA00260F1F /* Frameworks */,
				E49BD46C2C01BBAA00260F1F /* Resources */,
			);
			buildRules = (
			);
			dependencies = (
			);
			name = Listagem;
			productName = Listagem;
			productReference = E49BD46E2C01BBAA00260F1F /* Listagem.app */;
			productType = "com.apple.product-type.application";
		};
		E49BD47D2C01BBAC00260F1F /* ListagemTests */ = {
			isa = PBXNativeTarget;
			buildConfigurationList = E49BD4952C01BBAC00260F1F /* Build configuration list for PBXNativeTarget "ListagemTests" */;
			buildPhases = (
				E49BD47A2C01BBAC00260F1F /* Sources */,
				E49BD47B2C01BBAC00260F1F /* Frameworks */,
				E49BD47C2C01BBAC00260F1F /* Resources */,
			);
			buildRules = (
			);
			dependencies = (
				E49BD4802C01BBAC00260F1F /* PBXTargetDependency */,
			);
			name = ListagemTests;
			productName = ListagemTests;
			productReference = E49BD47E2C01BBAC00260F1F /* ListagemTests.xctest */;
			productType = "com.apple.product-type.bundle.unit-test";
		};
		E49BD4872C01BBAC00260F1F /* ListagemUITests */ = {
			isa = PBXNativeTarget;
			buildConfigurationList = E49BD4982C01BBAC00260F1F /* Build configuration list for PBXNativeTarget "ListagemUITests" */;
			buildPhases = (
				E49BD4842C01BBAC00260F1F /* Sources */,
				E49BD4852C01BBAC00260F1F /* Frameworks */,
				E49BD4862C01BBAC00260F1F /* Resources */,
			);
			buildRules = (
			);
			dependencies = (
				E49BD48A2C01BBAC00260F1F /* PBXTargetDependency */,
			);
			name = ListagemUITests;
			productName = ListagemUITests;
			productReference = E49BD4882C01BBAC00260F1F /* ListagemUITests.xctest */;
			productType = "com.apple.product-type.bundle.ui-testing";
		};
/* End PBXNativeTarget section */

/* Begin PBXProject section */
		E49BD4662C01BBAA00260F1F /* Project object */ = {
			isa = PBXProject;
			attributes = {
				BuildIndependentTargetsInParallel = 1;
				LastSwiftUpdateCheck = 1540;
				LastUpgradeCheck = 1540;
				TargetAttributes = {
					E49BD46D2C01BBAA00260F1F = {
						CreatedOnToolsVersion = 15.4;
					};
					E49BD47D2C01BBAC00260F1F = {
						CreatedOnToolsVersion = 15.4;
						TestTargetID = E49BD46D2C01BBAA00260F1F;
					};
					E49BD4872C01BBAC00260F1F = {
						CreatedOnToolsVersion = 15.4;
						TestTargetID = E49BD46D2C01BBAA00260F1F;
					};
				};
			};
			buildConfigurationList = E49BD4692C01BBAA00260F1F /* Build configuration list for PBXProject "Listagem" */;
			compatibilityVersion = "Xcode 14.0";
			developmentRegion = en;
			hasScannedForEncodings = 0;
			knownRegions = (
				en,
				Base,
			);
			mainGroup = E49BD4652C01BBAA00260F1F;
			productRefGroup = E49BD46F2C01BBAA00260F1F /* Products */;
			projectDirPath = "";
			projectRoot = "";
			targets = (
				E49BD46D2C01BBAA00260F1F /* Listagem */,
				E49BD47D2C01BBAC00260F1F /* ListagemTests */,
				E49BD4872C01BBAC00260F1F /* ListagemUITests */,
			);
		};
/* End PBXProject section */

/* Begin PBXResourcesBuildPhase section */
		E49BD46C2C01BBAA00260F1F /* Resources */ = {
			isa = PBXResourcesBuildPhase;
			buildActionMask = 2147483647;
			files = (
				E49BD4792C01BBAC00260F1F /* Preview Assets.xcassets in Resources */,
				E49BD4762C01BBAC00260F1F /* Assets.xcassets in Resources */,
			);
			runOnlyForDeploymentPostprocessing = 0;
		};
		E49BD47C2C01BBAC00260F1F /* Resources */ = {
			isa = PBXResourcesBuildPhase;
			buildActionMask = 2147483647;
			files = (
			);
			runOnlyForDeploymentPostprocessing = 0;
		};
		E49BD4862C01BBAC00260F1F /* Resources */ = {
			isa = PBXResourcesBuildPhase;
			buildActionMask = 2147483647;
			files = (
			);
			runOnlyForDeploymentPostprocessing = 0;
		};
/* End PBXResourcesBuildPhase section */

/* Begin PBXSourcesBuildPhase section */
		E49BD46A2C01BBAA00260F1F /* Sources */ = {
			isa = PBXSourcesBuildPhase;
			buildActionMask = 2147483647;
			files = (
				E49BD4742C01BBAA00260F1F /* ContentView.swift in Sources */,
				E49BD4722C01BBAA00260F1F /* ListagemApp.swift in Sources */,
			);
			runOnlyForDeploymentPostprocessing = 0;
		};
		E49BD47A2C01BBAC00260F1F /* Sources */ = {
			isa = PBXSourcesBuildPhase;
			buildActionMask = 2147483647;
			files = (
				E49BD4832C01BBAC00260F1F /* ListagemTests.swift in Sources */,
			);
			runOnlyForDeploymentPostprocessing = 0;
		};
		E49BD4842C01BBAC00260F1F /* Sources */ = {
			isa = PBXSourcesBuildPhase;
			buildActionMask = 2147483647;
			files = (
				E49BD48F2C01BBAC00260F1F /* ListagemUITestsLaunchTests.swift in Sources */,
				E49BD48D2C01BBAC00260F1F /* ListagemUITests.swift in Sources */,
			);
			runOnlyForDeploymentPostprocessing = 0;
		};
/* End PBXSourcesBuildPhase section */

/* Begin PBXTargetDependency section */
		E49BD4802C01BBAC00260F1F /* PBXTargetDependency */ = {
			isa = PBXTargetDependency;
			target = E49BD46D2C01BBAA00260F1F /* Listagem */;
			targetProxy = E49BD47F2C01BBAC00260F1F /* PBXContainerItemProxy */;
		};
		E49BD48A2C01BBAC00260F1F /* PBXTargetDependency */ = {
			isa = PBXTargetDependency;
			target = E49BD46D2C01BBAA00260F1F /* Listagem */;
			targetProxy = E49BD4892C01BBAC00260F1F /* PBXContainerItemProxy */;
		};
/* End PBXTargetDependency section */

/* Begin XCBuildConfiguration section */
		E49BD4902C01BBAC00260F1F /* Debug */ = {
			isa = XCBuildConfiguration;
			buildSettings = {
				ALWAYS_SEARCH_USER_PATHS = NO;
				ASSETCATALOG_COMPILER_GENERATE_SWIFT_ASSET_SYMBOL_EXTENSIONS = YES;
				CLANG_ANALYZER_NONNULL = YES;
				CLANG_ANALYZER_NUMBER_OBJECT_CONVERSION = YES_AGGRESSIVE;
				CLANG_CXX_LANGUAGE_STANDARD = "gnu++20";
				CLANG_ENABLE_MODULES = YES;
				CLANG_ENABLE_OBJC_ARC = YES;
				CLANG_ENABLE_OBJC_WEAK = YES;
				CLANG_WARN_BLOCK_CAPTURE_AUTORELEASING = YES;
				CLANG_WARN_BOOL_CONVERSION = YES;
				CLANG_WARN_COMMA = YES;
				CLANG_WARN_CONSTANT_CONVERSION = YES;
				CLANG_WARN_DEPRECATED_OBJC_IMPLEMENTATIONS = YES;
				CLANG_WARN_DIRECT_OBJC_ISA_USAGE = YES_ERROR;
				CLANG_WARN_DOCUMENTATION_COMMENTS = YES;
				CLANG_WARN_EMPTY_BODY = YES;
				CLANG_WARN_ENUM_CONVERSION = YES;
				CLANG_WARN_INFINITE_RECURSION = YES;
				CLANG_WARN_INT_CONVERSION = YES;
				CLANG_WARN_NON_LITERAL_NULL_CONVERSION = YES;
				CLANG_WARN_OBJC_IMPLICIT_RETAIN_SELF = YES;
				CLANG_WARN_OBJC_LITERAL_CONVERSION = YES;
				CLANG_WARN_OBJC_ROOT_CLASS = YES_ERROR;
				CLANG_WARN_QUOTED_INCLUDE_IN_FRAMEWORK_HEADER = YES;
				CLANG_WARN_RANGE_LOOP_ANALYSIS = YES;
				CLANG_WARN_STRICT_PROTOTYPES = YES;
				CLANG_WARN_SUSPICIOUS_MOVE = YES;
				CLANG_WARN_UNGUARDED_AVAILABILITY = YES_AGGRESSIVE;
				CLANG_WARN_UNREACHABLE_CODE = YES;
				CLANG_WARN__DUPLICATE_METHOD_MATCH = YES;
				COPY_PHASE_STRIP = NO;
				DEBUG_INFORMATION_FORMAT = dwarf;
				ENABLE_STRICT_OBJC_MSGSEND = YES;
				ENABLE_TESTABILITY = YES;
				ENABLE_USER_SCRIPT_SANDBOXING = YES;
				GCC_C_LANGUAGE_STANDARD = gnu17;
				GCC_DYNAMIC_NO_PIC = NO;
				GCC_NO_COMMON_BLOCKS = YES;
				GCC_OPTIMIZATION_LEVEL = 0;
				GCC_PREPROCESSOR_DEFINITIONS = (
					"DEBUG=1",
					"$(inherited)",
				);
				GCC_WARN_64_TO_32_BIT_CONVERSION = YES;
				GCC_WARN_ABOUT_RETURN_TYPE = YES_ERROR;
				GCC_WARN_UNDECLARED_SELECTOR = YES;
				GCC_WARN_UNINITIALIZED_AUTOS = YES_AGGRESSIVE;
				GCC_WARN_UNUSED_FUNCTION = YES;
				GCC_WARN_UNUSED_VARIABLE = YES;
				IPHONEOS_DEPLOYMENT_TARGET = 17.5;
				LOCALIZATION_PREFERS_STRING_CATALOGS = YES;
				MTL_ENABLE_DEBUG_INFO = INCLUDE_SOURCE;
				MTL_FAST_MATH = YES;
				ONLY_ACTIVE_ARCH = YES;
				SDKROOT = iphoneos;
				SWIFT_ACTIVE_COMPILATION_CONDITIONS = "DEBUG $(inherited)";
				SWIFT_OPTIMIZATION_LEVEL = "-Onone";
			};
			name = Debug;
		};
		E49BD4912C01BBAC00260F1F /* Release */ = {
			isa = XCBuildConfiguration;
			buildSettings = {
				ALWAYS_SEARCH_USER_PATHS = NO;
				ASSETCATALOG_COMPILER_GENERATE_SWIFT_ASSET_SYMBOL_EXTENSIONS = YES;
				CLANG_ANALYZER_NONNULL = YES;
				CLANG_ANALYZER_NUMBER_OBJECT_CONVERSION = YES_AGGRESSIVE;
				CLANG_CXX_LANGUAGE_STANDARD = "gnu++20";
				CLANG_ENABLE_MODULES = YES;
				CLANG_ENABLE_OBJC_ARC = YES;
				CLANG_ENABLE_OBJC_WEAK = YES;
				CLANG_WARN_BLOCK_CAPTURE_AUTORELEASING = YES;
				CLANG_WARN_BOOL_CONVERSION = YES;
				CLANG_WARN_COMMA = YES;
				CLANG_WARN_CONSTANT_CONVERSION = YES;
				CLANG_WARN_DEPRECATED_OBJC_IMPLEMENTATIONS = YES;
				CLANG_WARN_DIRECT_OBJC_ISA_USAGE = YES_ERROR;
				CLANG_WARN_DOCUMENTATION_COMMENTS = YES;
				CLANG_WARN_EMPTY_BODY = YES;
				CLANG_WARN_ENUM_CONVERSION = YES;
				CLANG_WARN_INFINITE_RECURSION = YES;
				CLANG_WARN_INT_CONVERSION = YES;
				CLANG_WARN_NON_LITERAL_NULL_CONVERSION = YES;
				CLANG_WARN_OBJC_IMPLICIT_RETAIN_SELF = YES;
				CLANG_WARN_OBJC_LITERAL_CONVERSION = YES;
				CLANG_WARN_OBJC_ROOT_CLASS = YES_ERROR;
				CLANG_WARN_QUOTED_INCLUDE_IN_FRAMEWORK_HEADER = YES;
				CLANG_WARN_RANGE_LOOP_ANALYSIS = YES;
				CLANG_WARN_STRICT_PROTOTYPES = YES;
				CLANG_WARN_SUSPICIOUS_MOVE = YES;
				CLANG_WARN_UNGUARDED_AVAILABILITY = YES_AGGRESSIVE;
				CLANG_WARN_UNREACHABLE_CODE = YES;
				CLANG_WARN__DUPLICATE_METHOD_MATCH = YES;
				COPY_PHASE_STRIP = NO;
				DEBUG_INFORMATION_FORMAT = "dwarf-with-dsym";
				ENABLE_NS_ASSERTIONS = NO;
				ENABLE_STRICT_OBJC_MSGSEND = YES;
				ENABLE_USER_SCRIPT_SANDBOXING = YES;
				GCC_C_LANGUAGE_STANDARD = gnu17;
				GCC_NO_COMMON_BLOCKS = YES;
				GCC_WARN_64_TO_32_BIT_CONVERSION = YES;
				GCC_WARN_ABOUT_RETURN_TYPE = YES_ERROR;
				GCC_WARN_UNDECLARED_SELECTOR = YES;
				GCC_WARN_UNINITIALIZED_AUTOS = YES_AGGRESSIVE;
				GCC_WARN_UNUSED_FUNCTION = YES;
				GCC_WARN_UNUSED_VARIABLE = YES;
				IPHONEOS_DEPLOYMENT_TARGET = 17.5;
				LOCALIZATION_PREFERS_STRING_CATALOGS = YES;
				MTL_ENABLE_DEBUG_INFO = NO;
				MTL_FAST_MATH = YES;
				SDKROOT = iphoneos;
				SWIFT_COMPILATION_MODE = wholemodule;
				VALIDATE_PRODUCT = YES;
			};
			name = Release;
		};
		E49BD4932C01BBAC00260F1F /* Debug */ = {
			isa = XCBuildConfiguration;
			buildSettings = {
				ASSETCATALOG_COMPILER_APPICON_NAME = AppIcon;
				ASSETCATALOG_COMPILER_GLOBAL_ACCENT_COLOR_NAME = AccentColor;
				CODE_SIGN_STYLE = Automatic;
				CURRENT_PROJECT_VERSION = 1;
				DEVELOPMENT_ASSET_PATHS = "\"Listagem/Preview Content\"";
				DEVELOPMENT_TEAM = VV9QKF76PY;
				ENABLE_PREVIEWS = YES;
				GENERATE_INFOPLIST_FILE = YES;
				INFOPLIST_KEY_UIApplicationSceneManifest_Generation = YES;
				INFOPLIST_KEY_UIApplicationSupportsIndirectInputEvents = YES;
				INFOPLIST_KEY_UILaunchScreen_Generation = YES;
				INFOPLIST_KEY_UISupportedInterfaceOrientations_iPad = "UIInterfaceOrientationPortrait UIInterfaceOrientationPortraitUpsideDown UIInterfaceOrientationLandscapeLeft UIInterfaceOrientationLandscapeRight";
				INFOPLIST_KEY_UISupportedInterfaceOrientations_iPhone = "UIInterfaceOrientationPortrait UIInterfaceOrientationLandscapeLeft UIInterfaceOrientationLandscapeRight";
				LD_RUNPATH_SEARCH_PATHS = (
					"$(inherited)",
					"@executable_path/Frameworks",
				);
				MARKETING_VERSION = 1.0;
				PRODUCT_BUNDLE_IDENTIFIER = filipemarra.Listagem;
				PRODUCT_NAME = "$(TARGET_NAME)";
				SWIFT_EMIT_LOC_STRINGS = YES;
				SWIFT_VERSION = 5.0;
				TARGETED_DEVICE_FAMILY = "1,2";
			};
			name = Debug;
		};
		E49BD4942C01BBAC00260F1F /* Release */ = {
			isa = XCBuildConfiguration;
			buildSettings = {
				ASSETCATALOG_COMPILER_APPICON_NAME = AppIcon;
				ASSETCATALOG_COMPILER_GLOBAL_ACCENT_COLOR_NAME = AccentColor;
				CODE_SIGN_STYLE = Automatic;
				CURRENT_PROJECT_VERSION = 1;
				DEVELOPMENT_ASSET_PATHS = "\"Listagem/Preview Content\"";
				DEVELOPMENT_TEAM = VV9QKF76PY;
				ENABLE_PREVIEWS = YES;
				GENERATE_INFOPLIST_FILE = YES;
				INFOPLIST_KEY_UIApplicationSceneManifest_Generation = YES;
				INFOPLIST_KEY_UIApplicationSupportsIndirectInputEvents = YES;
				INFOPLIST_KEY_UILaunchScreen_Generation = YES;
				INFOPLIST_KEY_UISupportedInterfaceOrientations_iPad = "UIInterfaceOrientationPortrait UIInterfaceOrientationPortraitUpsideDown UIInterfaceOrientationLandscapeLeft UIInterfaceOrientationLandscapeRight";
				INFOPLIST_KEY_UISupportedInterfaceOrientations_iPhone = "UIInterfaceOrientationPortrait UIInterfaceOrientationLandscapeLeft UIInterfaceOrientationLandscapeRight";
				LD_RUNPATH_SEARCH_PATHS = (
					"$(inherited)",
					"@executable_path/Frameworks",
				);
				MARKETING_VERSION = 1.0;
				PRODUCT_BUNDLE_IDENTIFIER = filipemarra.Listagem;
				PRODUCT_NAME = "$(TARGET_NAME)";
				SWIFT_EMIT_LOC_STRINGS = YES;
				SWIFT_VERSION = 5.0;
				TARGETED_DEVICE_FAMILY = "1,2";
			};
			name = Release;
		};
		E49BD4962C01BBAC00260F1F /* Debug */ = {
			isa = XCBuildConfiguration;
			buildSettings = {
				ALWAYS_EMBED_SWIFT_STANDARD_LIBRARIES = YES;
				BUNDLE_LOADER = "$(TEST_HOST)";
				CODE_SIGN_STYLE = Automatic;
				CURRENT_PROJECT_VERSION = 1;
				DEVELOPMENT_TEAM = VV9QKF76PY;
				GENERATE_INFOPLIST_FILE = YES;
				IPHONEOS_DEPLOYMENT_TARGET = 17.5;
				MARKETING_VERSION = 1.0;
				PRODUCT_BUNDLE_IDENTIFIER = filipemarra.ListagemTests;
				PRODUCT_NAME = "$(TARGET_NAME)";
				SWIFT_EMIT_LOC_STRINGS = NO;
				SWIFT_VERSION = 5.0;
				TARGETED_DEVICE_FAMILY = "1,2";
				TEST_HOST = "$(BUILT_PRODUCTS_DIR)/Listagem.app/$(BUNDLE_EXECUTABLE_FOLDER_PATH)/Listagem";
			};
			name = Debug;
		};
		E49BD4972C01BBAC00260F1F /* Release */ = {
			isa = XCBuildConfiguration;
			buildSettings = {
				ALWAYS_EMBED_SWIFT_STANDARD_LIBRARIES = YES;
				BUNDLE_LOADER = "$(TEST_HOST)";
				CODE_SIGN_STYLE = Automatic;
				CURRENT_PROJECT_VERSION = 1;
				DEVELOPMENT_TEAM = VV9QKF76PY;
				GENERATE_INFOPLIST_FILE = YES;
				IPHONEOS_DEPLOYMENT_TARGET = 17.5;
				MARKETING_VERSION = 1.0;
				PRODUCT_BUNDLE_IDENTIFIER = filipemarra.ListagemTests;
				PRODUCT_NAME = "$(TARGET_NAME)";
				SWIFT_EMIT_LOC_STRINGS = NO;
				SWIFT_VERSION = 5.0;
				TARGETED_DEVICE_FAMILY = "1,2";
				TEST_HOST = "$(BUILT_PRODUCTS_DIR)/Listagem.app/$(BUNDLE_EXECUTABLE_FOLDER_PATH)/Listagem";
			};
			name = Release;
		};
		E49BD4992C01BBAC00260F1F /* Debug */ = {
			isa = XCBuildConfiguration;
			buildSettings = {
				ALWAYS_EMBED_SWIFT_STANDARD_LIBRARIES = YES;
				CODE_SIGN_STYLE = Automatic;
				CURRENT_PROJECT_VERSION = 1;
				DEVELOPMENT_TEAM = VV9QKF76PY;
				GENERATE_INFOPLIST_FILE = YES;
				MARKETING_VERSION = 1.0;
				PRODUCT_BUNDLE_IDENTIFIER = filipemarra.ListagemUITests;
				PRODUCT_NAME = "$(TARGET_NAME)";
				SWIFT_EMIT_LOC_STRINGS = NO;
				SWIFT_VERSION = 5.0;
				TARGETED_DEVICE_FAMILY = "1,2";
				TEST_TARGET_NAME = Listagem;
			};
			name = Debug;
		};
		E49BD49A2C01BBAC00260F1F /* Release */ = {
			isa = XCBuildConfiguration;
			buildSettings = {
				ALWAYS_EMBED_SWIFT_STANDARD_LIBRARIES = YES;
				CODE_SIGN_STYLE = Automatic;
				CURRENT_PROJECT_VERSION = 1;
				DEVELOPMENT_TEAM = VV9QKF76PY;
				GENERATE_INFOPLIST_FILE = YES;
				MARKETING_VERSION = 1.0;
				PRODUCT_BUNDLE_IDENTIFIER = filipemarra.ListagemUITests;
				PRODUCT_NAME = "$(TARGET_NAME)";
				SWIFT_EMIT_LOC_STRINGS = NO;
				SWIFT_VERSION = 5.0;
				TARGETED_DEVICE_FAMILY = "1,2";
				TEST_TARGET_NAME = Listagem;
			};
			name = Release;
		};
/* End XCBuildConfiguration section */

/* Begin XCConfigurationList section */
		E49BD4692C01BBAA00260F1F /* Build configuration list for PBXProject "Listagem" */ = {
			isa = XCConfigurationList;
			buildConfigurations = (
				E49BD4902C01BBAC00260F1F /* Debug */,
				E49BD4912C01BBAC00260F1F /* Release */,
			);
			defaultConfigurationIsVisible = 0;
			defaultConfigurationName = Release;
		};
		E49BD4922C01BBAC00260F1F /* Build configuration list for PBXNativeTarget "Listagem" */ = {
			isa = XCConfigurationList;
			buildConfigurations = (
				E49BD4932C01BBAC00260F1F /* Debug */,
				E49BD4942C01BBAC00260F1F /* Release */,
			);
			defaultConfigurationIsVisible = 0;
			defaultConfigurationName = Release;
		};
		E49BD4952C01BBAC00260F1F /* Build configuration list for PBXNativeTarget "ListagemTests" */ = {
			isa = XCConfigurationList;
			buildConfigurations = (
				E49BD4962C01BBAC00260F1F /* Debug */,
				E49BD4972C01BBAC00260F1F /* Release */,
			);
			defaultConfigurationIsVisible = 0;
			defaultConfigurationName = Release;
		};
		E49BD4982C01BBAC00260F1F /* Build configuration list for PBXNativeTarget "ListagemUITests" */ = {
			isa = XCConfigurationList;
			buildConfigurations = (
				E49BD4992C01BBAC00260F1F /* Debug */,
				E49BD49A2C01BBAC00260F1F /* Release */,
			);
			defaultConfigurationIsVisible = 0;
			defaultConfigurationName = Release;
		};
/* End XCConfigurationList section */
	};
	rootObject = E49BD4662C01BBAA00260F1F /* Project object */;
}
